
Microsoft Visual Studio Solution File, Format Version 12.00
# Visual Studio 15
VisualStudioVersion = 15.0.27703.2042
MinimumVisualStudioVersion = 10.0.40219.1
Project("{FAE04EC0-301F-11D3-BF4B-00C04F79EFBC}") = "ImageLinksLoader_Net2", "ImageLinksLoader_Net2.csproj", "{D0C6771B-EE63-4649-99DC-7890053DEC69}"
EndProject
Global
	GlobalSection(SolutionConfigurationPlatforms) = preSolution
		Debug|Any CPU = Debug|Any CPU
		Debug|x64 = Debug|x64
		Debug|x86 = Debug|x86
		Release|Any CPU = Release|Any CPU
		Release|x64 = Release|x64
		Release|x86 = Release|x86
	EndGlobalSection
	GlobalSection(ProjectConfigurationPlatforms) = postSolution
		{D0C6771B-EE63-4649-99DC-7890053DEC69}.Debug|Any CPU.ActiveCfg = Debug|Any CPU
		{D0C6771B-EE63-4649-99DC-7890053DEC69}.Debug|Any CPU.Build.0 = Debug|Any CPU
		{D0C6771B-EE63-4649-99DC-7890053DEC69}.Debug|x64.ActiveCfg = Debug|x64
		{D0C6771B-EE63-4649-99DC-7890053DEC69}.Debug|x64.Build.0 = Debug|x64
		{D0C6771B-EE63-4649-99DC-7890053DEC69}.Debug|x86.ActiveCfg = Debug|x86
		{D0C6771B-EE63-4649-99DC-7890053DEC69}.Debug|x86.Build.0 = Debug|x86
		{D0C6771B-EE63-4649-99DC-7890053DEC69}.Release|Any CPU.ActiveCfg = Release|Any CPU
		{D0C6771B-EE63-4649-99DC-7890053DEC69}.Release|Any CPU.Build.0 = Release|Any CPU
		{D0C6771B-EE63-4649-99DC-7890053DEC69}.Release|x64.ActiveCfg = Release|x64
		{D0C6771B-EE63-4649-99DC-7890053DEC69}.Release|x64.Build.0 = Release|x64
		{D0C6771B-EE63-4649-99DC-7890053DEC69}.Release|x86.ActiveCfg = Release|x86
		{D0C6771B-EE63-4649-99DC-7890053DEC69}.Release|x86.Build.0 = Release|x86
	EndGlobalSection
	GlobalSection(SolutionProperties) = preSolution
		HideSolutionNode = FALSE
	EndGlobalSection
	GlobalSection(ExtensibilityGlobals) = postSolution
		SolutionGuid = {EA0D48EB-2F04-4C7D-8460-CE9E11A03C2D}
	EndGlobalSection
EndGlobal
